{
  "object": {
    "pins": [
      {
        "package": "ContentBlockerConverter",
        "repositoryURL": "https://bit.adguard.com/scm/adguard-ios/safari-converter.git",
        "state": {
          "branch": "master",
          "revision": "0d7435c81dbae33c23140d04195bbcb4ed179484",
          "version": null
        }
      }
    ]
  },
  "version": 1
}
